// !$*UTF8*$!
{
	archiveVersion = 1;
	classes = {
	};
	objectVersion = 46;
	objects = {

/* Begin PBXBuildFile section */
		173BAAA80B4C443A5B811909 /* Pods_BuoyFinderDataKit_iOS.framework in Frameworks */ = {isa = PBXBuildFile; fileRef = CBA3EC2FF46FEF3E9E85AA1C /* Pods_BuoyFinderDataKit_iOS.framework */; };
		342EED7B1EC92EBE0076A8E2 /* BuoyTabBarController.swift in Sources */ = {isa = PBXBuildFile; fileRef = 342EED7A1EC92EBE0076A8E2 /* BuoyTabBarController.swift */; };
		344C479E1E58A7CB006D4D17 /* LocalSettings.plist in Resources */ = {isa = PBXBuildFile; fileRef = 344C479D1E58A7CB006D4D17 /* LocalSettings.plist */; };
		345FEF591ECB3F9F002D970B /* NotificationCenter.framework in Frameworks */ = {isa = PBXBuildFile; fileRef = 345FEF581ECB3F9F002D970B /* NotificationCenter.framework */; };
		345FEF5C1ECB3F9F002D970B /* TodayViewController.swift in Sources */ = {isa = PBXBuildFile; fileRef = 345FEF5B1ECB3F9F002D970B /* TodayViewController.swift */; };
		345FEF5F1ECB3F9F002D970B /* MainInterface.storyboard in Resources */ = {isa = PBXBuildFile; fileRef = 345FEF5D1ECB3F9F002D970B /* MainInterface.storyboard */; };
		345FEF631ECB3F9F002D970B /* BuoyFinderTodayExtension.appex in Embed App Extensions */ = {isa = PBXBuildFile; fileRef = 345FEF571ECB3F9F002D970B /* BuoyFinderTodayExtension.appex */; settings = {ATTRIBUTES = (RemoveHeadersOnCopy, ); }; };
		345FEF681ECB3FB4002D970B /* BuoyFinderDataKit.framework in Frameworks */ = {isa = PBXBuildFile; fileRef = 34E562B51DECD683006F1C67 /* BuoyFinderDataKit.framework */; };
		345FEF6D1ECB4839002D970B /* CachedBuoyManager.swift in Sources */ = {isa = PBXBuildFile; fileRef = 345FEF6C1ECB4839002D970B /* CachedBuoyManager.swift */; };
		346573B31E11D21A007E6C12 /* CoreLocation.framework in Frameworks */ = {isa = PBXBuildFile; fileRef = 346573B21E11D21A007E6C12 /* CoreLocation.framework */; };
		346573B61E11EEBC007E6C12 /* BuoyViewController.swift in Sources */ = {isa = PBXBuildFile; fileRef = 346573B51E11EEBC007E6C12 /* BuoyViewController.swift */; };
		347F21F81E5B4308008553C9 /* SyncManager.swift in Sources */ = {isa = PBXBuildFile; fileRef = 347F21F71E5B4308008553C9 /* SyncManager.swift */; };
		34B176FD1E02303F007E211E /* BuoyModel.swift in Sources */ = {isa = PBXBuildFile; fileRef = 34B176FC1E02303F007E211E /* BuoyModel.swift */; };
		34B497611DEBC7090076EB5B /* AppDelegate.swift in Sources */ = {isa = PBXBuildFile; fileRef = 34B497601DEBC7090076EB5B /* AppDelegate.swift */; };
		34B497661DEBC7090076EB5B /* Main.storyboard in Resources */ = {isa = PBXBuildFile; fileRef = 34B497641DEBC7090076EB5B /* Main.storyboard */; };
		34B497681DEBC7090076EB5B /* Assets.xcassets in Resources */ = {isa = PBXBuildFile; fileRef = 34B497671DEBC7090076EB5B /* Assets.xcassets */; };
		34B4976B1DEBC7090076EB5B /* LaunchScreen.storyboard in Resources */ = {isa = PBXBuildFile; fileRef = 34B497691DEBC7090076EB5B /* LaunchScreen.storyboard */; };
		34CA92481E5775BF00D11B51 /* GoogleService-Info.plist in Resources */ = {isa = PBXBuildFile; fileRef = 34CA92471E5775BF00D11B51 /* GoogleService-Info.plist */; };
		34CA924E1E578C3200D11B51 /* SettingsViewController.swift in Sources */ = {isa = PBXBuildFile; fileRef = 34CA924D1E578C3200D11B51 /* SettingsViewController.swift */; };
		34E562431DECB21D006F1C67 /* FavoriteBuoysViewController.swift in Sources */ = {isa = PBXBuildFile; fileRef = 34E562421DECB21D006F1C67 /* FavoriteBuoysViewController.swift */; };
		34E562451DECB236006F1C67 /* ExploreViewController.swift in Sources */ = {isa = PBXBuildFile; fileRef = 34E562441DECB236006F1C67 /* ExploreViewController.swift */; };
		34E562BE1DECD683006F1C67 /* BuoyFinderDataKit.framework in Frameworks */ = {isa = PBXBuildFile; fileRef = 34E562B51DECD683006F1C67 /* BuoyFinderDataKit.framework */; };
		34E562C51DECD683006F1C67 /* BuoyFinderDataKit_iOSTests.swift in Sources */ = {isa = PBXBuildFile; fileRef = 34E562C41DECD683006F1C67 /* BuoyFinderDataKit_iOSTests.swift */; };
		34E562C71DECD683006F1C67 /* BuoyFinderDataKit-iOS.h in Headers */ = {isa = PBXBuildFile; fileRef = 34E562B71DECD683006F1C67 /* BuoyFinderDataKit-iOS.h */; settings = {ATTRIBUTES = (Public, ); }; };
		34E562CA1DECD683006F1C67 /* BuoyFinderDataKit.framework in Frameworks */ = {isa = PBXBuildFile; fileRef = 34E562B51DECD683006F1C67 /* BuoyFinderDataKit.framework */; };
		34E562CB1DECD683006F1C67 /* BuoyFinderDataKit.framework in Embed Frameworks */ = {isa = PBXBuildFile; fileRef = 34E562B51DECD683006F1C67 /* BuoyFinderDataKit.framework */; settings = {ATTRIBUTES = (CodeSignOnCopy, RemoveHeadersOnCopy, ); }; };
		34E562D31DECD789006F1C67 /* BuoyFinderDataKit.h in Headers */ = {isa = PBXBuildFile; fileRef = 34E562D21DECD783006F1C67 /* BuoyFinderDataKit.h */; settings = {ATTRIBUTES = (Public, ); }; };
		34F154381DFCB9F10041B072 /* Units.swift in Sources */ = {isa = PBXBuildFile; fileRef = 34F154361DFCB6B60041B072 /* Units.swift */; };
		34F5AF1C1DED19C60084AE86 /* BuoyDataItem.swift in Sources */ = {isa = PBXBuildFile; fileRef = 34F5AF1A1DED19B40084AE86 /* BuoyDataItem.swift */; };
		34F5AF1E1DED1B190084AE86 /* Swell.swift in Sources */ = {isa = PBXBuildFile; fileRef = 34F5AF1D1DED1B190084AE86 /* Swell.swift */; };
		34F5AF201DED1E010084AE86 /* Buoy.swift in Sources */ = {isa = PBXBuildFile; fileRef = 34F5AF1F1DED1E010084AE86 /* Buoy.swift */; };
		34F5AF221DED1E690084AE86 /* Location.swift in Sources */ = {isa = PBXBuildFile; fileRef = 34F5AF211DED1E690084AE86 /* Location.swift */; };
		34F5AF241DED236A0084AE86 /* BuoyNetworkClient.swift in Sources */ = {isa = PBXBuildFile; fileRef = 34F5AF231DED23690084AE86 /* BuoyNetworkClient.swift */; };
		6B737D15AA6EDCB4EAACE9CB /* Pods_BuoyFinder.framework in Frameworks */ = {isa = PBXBuildFile; fileRef = 9EE0B12AD46398E9105A255F /* Pods_BuoyFinder.framework */; };
/* End PBXBuildFile section */

/* Begin PBXContainerItemProxy section */
		345FEF611ECB3F9F002D970B /* PBXContainerItemProxy */ = {
			isa = PBXContainerItemProxy;
			containerPortal = 34B497551DEBC7080076EB5B /* Project object */;
			proxyType = 1;
			remoteGlobalIDString = 345FEF561ECB3F9F002D970B;
			remoteInfo = BuoyFinderTodayExtension;
		};
		34E562BF1DECD683006F1C67 /* PBXContainerItemProxy */ = {
			isa = PBXContainerItemProxy;
			containerPortal = 34B497551DEBC7080076EB5B /* Project object */;
			proxyType = 1;
			remoteGlobalIDString = 34E562B41DECD683006F1C67;
			remoteInfo = "BuoyFinderDataKit-iOS";
		};
		34E562C11DECD683006F1C67 /* PBXContainerItemProxy */ = {
			isa = PBXContainerItemProxy;
			containerPortal = 34B497551DEBC7080076EB5B /* Project object */;
			proxyType = 1;
			remoteGlobalIDString = 34B4975C1DEBC7080076EB5B;
			remoteInfo = BuoyFinder;
		};
		34E562C81DECD683006F1C67 /* PBXContainerItemProxy */ = {
			isa = PBXContainerItemProxy;
			containerPortal = 34B497551DEBC7080076EB5B /* Project object */;
			proxyType = 1;
			remoteGlobalIDString = 34E562B41DECD683006F1C67;
			remoteInfo = "BuoyFinderDataKit-iOS";
		};
/* End PBXContainerItemProxy section */

/* Begin PBXCopyFilesBuildPhase section */
		345FEF671ECB3F9F002D970B /* Embed App Extensions */ = {
			isa = PBXCopyFilesBuildPhase;
			buildActionMask = 2147483647;
			dstPath = "";
			dstSubfolderSpec = 13;
			files = (
				345FEF631ECB3F9F002D970B /* BuoyFinderTodayExtension.appex in Embed App Extensions */,
			);
			name = "Embed App Extensions";
			runOnlyForDeploymentPostprocessing = 0;
		};
		34E5628B1DECD29D006F1C67 /* Embed Frameworks */ = {
			isa = PBXCopyFilesBuildPhase;
			buildActionMask = 2147483647;
			dstPath = "";
			dstSubfolderSpec = 10;
			files = (
				34E562CB1DECD683006F1C67 /* BuoyFinderDataKit.framework in Embed Frameworks */,
			);
			name = "Embed Frameworks";
			runOnlyForDeploymentPostprocessing = 0;
		};
/* End PBXCopyFilesBuildPhase section */

/* Begin PBXFileReference section */
		342EED7A1EC92EBE0076A8E2 /* BuoyTabBarController.swift */ = {isa = PBXFileReference; fileEncoding = 4; lastKnownFileType = sourcecode.swift; path = BuoyTabBarController.swift; sourceTree = "<group>"; };
		344C479D1E58A7CB006D4D17 /* LocalSettings.plist */ = {isa = PBXFileReference; fileEncoding = 4; lastKnownFileType = text.plist.xml; path = LocalSettings.plist; sourceTree = "<group>"; };
		345FEF571ECB3F9F002D970B /* BuoyFinderTodayExtension.appex */ = {isa = PBXFileReference; explicitFileType = "wrapper.app-extension"; includeInIndex = 0; path = BuoyFinderTodayExtension.appex; sourceTree = BUILT_PRODUCTS_DIR; };
		345FEF581ECB3F9F002D970B /* NotificationCenter.framework */ = {isa = PBXFileReference; lastKnownFileType = wrapper.framework; name = NotificationCenter.framework; path = System/Library/Frameworks/NotificationCenter.framework; sourceTree = SDKROOT; };
		345FEF5B1ECB3F9F002D970B /* TodayViewController.swift */ = {isa = PBXFileReference; lastKnownFileType = sourcecode.swift; path = TodayViewController.swift; sourceTree = "<group>"; };
		345FEF5E1ECB3F9F002D970B /* Base */ = {isa = PBXFileReference; lastKnownFileType = file.storyboard; name = Base; path = Base.lproj/MainInterface.storyboard; sourceTree = "<group>"; };
		345FEF601ECB3F9F002D970B /* Info.plist */ = {isa = PBXFileReference; lastKnownFileType = text.plist.xml; path = Info.plist; sourceTree = "<group>"; };
		345FEF691ECB3FBF002D970B /* BuoyFinderTodayExtension.entitlements */ = {isa = PBXFileReference; lastKnownFileType = text.plist.entitlements; path = BuoyFinderTodayExtension.entitlements; sourceTree = "<group>"; };
		345FEF6C1ECB4839002D970B /* CachedBuoyManager.swift */ = {isa = PBXFileReference; fileEncoding = 4; lastKnownFileType = sourcecode.swift; name = CachedBuoyManager.swift; path = WidgetShared/CachedBuoyManager.swift; sourceTree = SOURCE_ROOT; };
		346573B21E11D21A007E6C12 /* CoreLocation.framework */ = {isa = PBXFileReference; lastKnownFileType = wrapper.framework; name = CoreLocation.framework; path = System/Library/Frameworks/CoreLocation.framework; sourceTree = SDKROOT; };
		346573B41E11E3D1007E6C12 /* BuoyFinder.entitlements */ = {isa = PBXFileReference; lastKnownFileType = text.plist.entitlements; path = BuoyFinder.entitlements; sourceTree = "<group>"; };
		346573B51E11EEBC007E6C12 /* BuoyViewController.swift */ = {isa = PBXFileReference; fileEncoding = 4; lastKnownFileType = sourcecode.swift; path = BuoyViewController.swift; sourceTree = "<group>"; };
		347F21F71E5B4308008553C9 /* SyncManager.swift */ = {isa = PBXFileReference; fileEncoding = 4; lastKnownFileType = sourcecode.swift; path = SyncManager.swift; sourceTree = "<group>"; };
		34B176FC1E02303F007E211E /* BuoyModel.swift */ = {isa = PBXFileReference; fileEncoding = 4; lastKnownFileType = sourcecode.swift; name = BuoyModel.swift; path = BuoyFinderDataKit/BuoyModel.swift; sourceTree = "<group>"; };
		34B4975D1DEBC7090076EB5B /* BuoyFinder.app */ = {isa = PBXFileReference; explicitFileType = wrapper.application; includeInIndex = 0; path = BuoyFinder.app; sourceTree = BUILT_PRODUCTS_DIR; };
		34B497601DEBC7090076EB5B /* AppDelegate.swift */ = {isa = PBXFileReference; lastKnownFileType = sourcecode.swift; path = AppDelegate.swift; sourceTree = "<group>"; };
		34B497651DEBC7090076EB5B /* Base */ = {isa = PBXFileReference; lastKnownFileType = file.storyboard; name = Base; path = Base.lproj/Main.storyboard; sourceTree = "<group>"; };
		34B497671DEBC7090076EB5B /* Assets.xcassets */ = {isa = PBXFileReference; lastKnownFileType = folder.assetcatalog; path = Assets.xcassets; sourceTree = "<group>"; };
		34B4976A1DEBC7090076EB5B /* Base */ = {isa = PBXFileReference; lastKnownFileType = file.storyboard; name = Base; path = Base.lproj/LaunchScreen.storyboard; sourceTree = "<group>"; };
		34B4976C1DEBC7090076EB5B /* Info.plist */ = {isa = PBXFileReference; lastKnownFileType = text.plist.xml; path = Info.plist; sourceTree = "<group>"; };
		34CA92471E5775BF00D11B51 /* GoogleService-Info.plist */ = {isa = PBXFileReference; fileEncoding = 4; lastKnownFileType = text.plist.xml; path = "GoogleService-Info.plist"; sourceTree = "<group>"; };
		34CA924D1E578C3200D11B51 /* SettingsViewController.swift */ = {isa = PBXFileReference; fileEncoding = 4; lastKnownFileType = sourcecode.swift; path = SettingsViewController.swift; sourceTree = "<group>"; };
		34E562421DECB21D006F1C67 /* FavoriteBuoysViewController.swift */ = {isa = PBXFileReference; fileEncoding = 4; lastKnownFileType = sourcecode.swift; path = FavoriteBuoysViewController.swift; sourceTree = "<group>"; };
		34E562441DECB236006F1C67 /* ExploreViewController.swift */ = {isa = PBXFileReference; fileEncoding = 4; lastKnownFileType = sourcecode.swift; path = ExploreViewController.swift; sourceTree = "<group>"; };
		34E562B51DECD683006F1C67 /* BuoyFinderDataKit.framework */ = {isa = PBXFileReference; explicitFileType = wrapper.framework; includeInIndex = 0; path = BuoyFinderDataKit.framework; sourceTree = BUILT_PRODUCTS_DIR; };
		34E562B71DECD683006F1C67 /* BuoyFinderDataKit-iOS.h */ = {isa = PBXFileReference; lastKnownFileType = sourcecode.c.h; path = "BuoyFinderDataKit-iOS.h"; sourceTree = "<group>"; };
		34E562B81DECD683006F1C67 /* Info.plist */ = {isa = PBXFileReference; lastKnownFileType = text.plist.xml; path = Info.plist; sourceTree = "<group>"; };
		34E562BD1DECD683006F1C67 /* BuoyFinderDataKit-iOSTests.xctest */ = {isa = PBXFileReference; explicitFileType = wrapper.cfbundle; includeInIndex = 0; path = "BuoyFinderDataKit-iOSTests.xctest"; sourceTree = BUILT_PRODUCTS_DIR; };
		34E562C41DECD683006F1C67 /* BuoyFinderDataKit_iOSTests.swift */ = {isa = PBXFileReference; lastKnownFileType = sourcecode.swift; path = BuoyFinderDataKit_iOSTests.swift; sourceTree = "<group>"; };
		34E562C61DECD683006F1C67 /* Info.plist */ = {isa = PBXFileReference; lastKnownFileType = text.plist.xml; path = Info.plist; sourceTree = "<group>"; };
		34E562D21DECD783006F1C67 /* BuoyFinderDataKit.h */ = {isa = PBXFileReference; lastKnownFileType = sourcecode.c.h; name = BuoyFinderDataKit.h; path = BuoyFinderDataKit/BuoyFinderDataKit.h; sourceTree = "<group>"; };
		34F154361DFCB6B60041B072 /* Units.swift */ = {isa = PBXFileReference; fileEncoding = 4; lastKnownFileType = sourcecode.swift; name = Units.swift; path = BuoyFinderDataKit/Units.swift; sourceTree = "<group>"; };
		34F5AF1A1DED19B40084AE86 /* BuoyDataItem.swift */ = {isa = PBXFileReference; fileEncoding = 4; lastKnownFileType = sourcecode.swift; name = BuoyDataItem.swift; path = BuoyFinderDataKit/BuoyDataItem.swift; sourceTree = "<group>"; };
		34F5AF1D1DED1B190084AE86 /* Swell.swift */ = {isa = PBXFileReference; fileEncoding = 4; lastKnownFileType = sourcecode.swift; name = Swell.swift; path = BuoyFinderDataKit/Swell.swift; sourceTree = "<group>"; };
		34F5AF1F1DED1E010084AE86 /* Buoy.swift */ = {isa = PBXFileReference; fileEncoding = 4; lastKnownFileType = sourcecode.swift; name = Buoy.swift; path = BuoyFinderDataKit/Buoy.swift; sourceTree = "<group>"; };
		34F5AF211DED1E690084AE86 /* Location.swift */ = {isa = PBXFileReference; fileEncoding = 4; lastKnownFileType = sourcecode.swift; name = Location.swift; path = BuoyFinderDataKit/Location.swift; sourceTree = "<group>"; };
		34F5AF231DED23690084AE86 /* BuoyNetworkClient.swift */ = {isa = PBXFileReference; fileEncoding = 4; lastKnownFileType = sourcecode.swift; name = BuoyNetworkClient.swift; path = BuoyFinderDataKit/BuoyNetworkClient.swift; sourceTree = "<group>"; };
		6FE0039DB6F7D412501CC29D /* Pods-BuoyFinder.release.xcconfig */ = {isa = PBXFileReference; includeInIndex = 1; lastKnownFileType = text.xcconfig; name = "Pods-BuoyFinder.release.xcconfig"; path = "Pods/Target Support Files/Pods-BuoyFinder/Pods-BuoyFinder.release.xcconfig"; sourceTree = "<group>"; };
		7057F7350387F786ABF01BF8 /* Pods-BuoyFinderDataKit-iOS.debug.xcconfig */ = {isa = PBXFileReference; includeInIndex = 1; lastKnownFileType = text.xcconfig; name = "Pods-BuoyFinderDataKit-iOS.debug.xcconfig"; path = "Pods/Target Support Files/Pods-BuoyFinderDataKit-iOS/Pods-BuoyFinderDataKit-iOS.debug.xcconfig"; sourceTree = "<group>"; };
		9EE0B12AD46398E9105A255F /* Pods_BuoyFinder.framework */ = {isa = PBXFileReference; explicitFileType = wrapper.framework; includeInIndex = 0; path = Pods_BuoyFinder.framework; sourceTree = BUILT_PRODUCTS_DIR; };
		BA27CF0E2B8F2B3FFD98FB7F /* Pods-BuoyFinder.debug.xcconfig */ = {isa = PBXFileReference; includeInIndex = 1; lastKnownFileType = text.xcconfig; name = "Pods-BuoyFinder.debug.xcconfig"; path = "Pods/Target Support Files/Pods-BuoyFinder/Pods-BuoyFinder.debug.xcconfig"; sourceTree = "<group>"; };
		CBA3EC2FF46FEF3E9E85AA1C /* Pods_BuoyFinderDataKit_iOS.framework */ = {isa = PBXFileReference; explicitFileType = wrapper.framework; includeInIndex = 0; path = Pods_BuoyFinderDataKit_iOS.framework; sourceTree = BUILT_PRODUCTS_DIR; };
		EB218A4BCE5080288FDA52FF /* Pods-BuoyFinderDataKit-iOS.release.xcconfig */ = {isa = PBXFileReference; includeInIndex = 1; lastKnownFileType = text.xcconfig; name = "Pods-BuoyFinderDataKit-iOS.release.xcconfig"; path = "Pods/Target Support Files/Pods-BuoyFinderDataKit-iOS/Pods-BuoyFinderDataKit-iOS.release.xcconfig"; sourceTree = "<group>"; };
/* End PBXFileReference section */

/* Begin PBXFrameworksBuildPhase section */
		345FEF541ECB3F9F002D970B /* Frameworks */ = {
			isa = PBXFrameworksBuildPhase;
			buildActionMask = 2147483647;
			files = (
				345FEF681ECB3FB4002D970B /* BuoyFinderDataKit.framework in Frameworks */,
				345FEF591ECB3F9F002D970B /* NotificationCenter.framework in Frameworks */,
			);
			runOnlyForDeploymentPostprocessing = 0;
		};
		34B4975A1DEBC7080076EB5B /* Frameworks */ = {
			isa = PBXFrameworksBuildPhase;
			buildActionMask = 2147483647;
			files = (
				346573B31E11D21A007E6C12 /* CoreLocation.framework in Frameworks */,
				34E562CA1DECD683006F1C67 /* BuoyFinderDataKit.framework in Frameworks */,
				6B737D15AA6EDCB4EAACE9CB /* Pods_BuoyFinder.framework in Frameworks */,
			);
			runOnlyForDeploymentPostprocessing = 0;
		};
		34E562B11DECD683006F1C67 /* Frameworks */ = {
			isa = PBXFrameworksBuildPhase;
			buildActionMask = 2147483647;
			files = (
				173BAAA80B4C443A5B811909 /* Pods_BuoyFinderDataKit_iOS.framework in Frameworks */,
			);
			runOnlyForDeploymentPostprocessing = 0;
		};
		34E562BA1DECD683006F1C67 /* Frameworks */ = {
			isa = PBXFrameworksBuildPhase;
			buildActionMask = 2147483647;
			files = (
				34E562BE1DECD683006F1C67 /* BuoyFinderDataKit.framework in Frameworks */,
			);
			runOnlyForDeploymentPostprocessing = 0;
		};
/* End PBXFrameworksBuildPhase section */

/* Begin PBXGroup section */
		345FEF5A1ECB3F9F002D970B /* BuoyFinderTodayExtension */ = {
			isa = PBXGroup;
			children = (
				345FEF691ECB3FBF002D970B /* BuoyFinderTodayExtension.entitlements */,
				345FEF601ECB3F9F002D970B /* Info.plist */,
				345FEF6C1ECB4839002D970B /* CachedBuoyManager.swift */,
				345FEF5B1ECB3F9F002D970B /* TodayViewController.swift */,
				345FEF5D1ECB3F9F002D970B /* MainInterface.storyboard */,
			);
			path = BuoyFinderTodayExtension;
			sourceTree = "<group>";
		};
		34B497541DEBC7080076EB5B = {
			isa = PBXGroup;
			children = (
				34B4975F1DEBC7090076EB5B /* BuoyFinder */,
				34E562AF1DECD634006F1C67 /* BuoyFinderDataKit */,
				34E562B61DECD683006F1C67 /* BuoyFinderDataKit-iOS */,
				34E562C31DECD683006F1C67 /* BuoyFinderDataKit-iOSTests */,
				345FEF5A1ECB3F9F002D970B /* BuoyFinderTodayExtension */,
				34B4975E1DEBC7090076EB5B /* Products */,
				6D19952AF017934D0B45A567 /* Pods */,
				D52C73CDDCF1F6142AB9EE21 /* Frameworks */,
			);
			sourceTree = "<group>";
		};
		34B4975E1DEBC7090076EB5B /* Products */ = {
			isa = PBXGroup;
			children = (
				34B4975D1DEBC7090076EB5B /* BuoyFinder.app */,
				34E562B51DECD683006F1C67 /* BuoyFinderDataKit.framework */,
				34E562BD1DECD683006F1C67 /* BuoyFinderDataKit-iOSTests.xctest */,
				345FEF571ECB3F9F002D970B /* BuoyFinderTodayExtension.appex */,
			);
			name = Products;
			sourceTree = "<group>";
		};
		34B4975F1DEBC7090076EB5B /* BuoyFinder */ = {
			isa = PBXGroup;
			children = (
				34CA92471E5775BF00D11B51 /* GoogleService-Info.plist */,
				346573B41E11E3D1007E6C12 /* BuoyFinder.entitlements */,
				34B497671DEBC7090076EB5B /* Assets.xcassets */,
				34B4976C1DEBC7090076EB5B /* Info.plist */,
				344C479D1E58A7CB006D4D17 /* LocalSettings.plist */,
				34B497641DEBC7090076EB5B /* Main.storyboard */,
				34B497691DEBC7090076EB5B /* LaunchScreen.storyboard */,
				34B497601DEBC7090076EB5B /* AppDelegate.swift */,
				342EED7A1EC92EBE0076A8E2 /* BuoyTabBarController.swift */,
				346573B51E11EEBC007E6C12 /* BuoyViewController.swift */,
				34E562441DECB236006F1C67 /* ExploreViewController.swift */,
				34E562421DECB21D006F1C67 /* FavoriteBuoysViewController.swift */,
				34CA924D1E578C3200D11B51 /* SettingsViewController.swift */,
				347F21F71E5B4308008553C9 /* SyncManager.swift */,
			);
			path = BuoyFinder;
			sourceTree = "<group>";
		};
		34E562AF1DECD634006F1C67 /* BuoyFinderDataKit */ = {
			isa = PBXGroup;
			children = (
				34F5AF1F1DED1E010084AE86 /* Buoy.swift */,
				34F5AF1A1DED19B40084AE86 /* BuoyDataItem.swift */,
				34E562D21DECD783006F1C67 /* BuoyFinderDataKit.h */,
				34B176FC1E02303F007E211E /* BuoyModel.swift */,
				34F5AF231DED23690084AE86 /* BuoyNetworkClient.swift */,
				34F5AF211DED1E690084AE86 /* Location.swift */,
				34F5AF1D1DED1B190084AE86 /* Swell.swift */,
				34F154361DFCB6B60041B072 /* Units.swift */,
			);
			name = BuoyFinderDataKit;
			sourceTree = "<group>";
		};
		34E562B61DECD683006F1C67 /* BuoyFinderDataKit-iOS */ = {
			isa = PBXGroup;
			children = (
				34E562B71DECD683006F1C67 /* BuoyFinderDataKit-iOS.h */,
				34E562B81DECD683006F1C67 /* Info.plist */,
			);
			path = "BuoyFinderDataKit-iOS";
			sourceTree = "<group>";
		};
		34E562C31DECD683006F1C67 /* BuoyFinderDataKit-iOSTests */ = {
			isa = PBXGroup;
			children = (
				34E562C41DECD683006F1C67 /* BuoyFinderDataKit_iOSTests.swift */,
				34E562C61DECD683006F1C67 /* Info.plist */,
			);
			path = "BuoyFinderDataKit-iOSTests";
			sourceTree = "<group>";
		};
		6D19952AF017934D0B45A567 /* Pods */ = {
			isa = PBXGroup;
			children = (
				BA27CF0E2B8F2B3FFD98FB7F /* Pods-BuoyFinder.debug.xcconfig */,
				6FE0039DB6F7D412501CC29D /* Pods-BuoyFinder.release.xcconfig */,
				7057F7350387F786ABF01BF8 /* Pods-BuoyFinderDataKit-iOS.debug.xcconfig */,
				EB218A4BCE5080288FDA52FF /* Pods-BuoyFinderDataKit-iOS.release.xcconfig */,
			);
			name = Pods;
			sourceTree = "<group>";
		};
		D52C73CDDCF1F6142AB9EE21 /* Frameworks */ = {
			isa = PBXGroup;
			children = (
				346573B21E11D21A007E6C12 /* CoreLocation.framework */,
				9EE0B12AD46398E9105A255F /* Pods_BuoyFinder.framework */,
				CBA3EC2FF46FEF3E9E85AA1C /* Pods_BuoyFinderDataKit_iOS.framework */,
				345FEF581ECB3F9F002D970B /* NotificationCenter.framework */,
			);
			name = Frameworks;
			sourceTree = "<group>";
		};
/* End PBXGroup section */

/* Begin PBXHeadersBuildPhase section */
		34E562B21DECD683006F1C67 /* Headers */ = {
			isa = PBXHeadersBuildPhase;
			buildActionMask = 2147483647;
			files = (
				34E562D31DECD789006F1C67 /* BuoyFinderDataKit.h in Headers */,
				34E562C71DECD683006F1C67 /* BuoyFinderDataKit-iOS.h in Headers */,
			);
			runOnlyForDeploymentPostprocessing = 0;
		};
/* End PBXHeadersBuildPhase section */

/* Begin PBXNativeTarget section */
		345FEF561ECB3F9F002D970B /* BuoyFinderTodayExtension */ = {
			isa = PBXNativeTarget;
			buildConfigurationList = 345FEF661ECB3F9F002D970B /* Build configuration list for PBXNativeTarget "BuoyFinderTodayExtension" */;
			buildPhases = (
				345FEF531ECB3F9F002D970B /* Sources */,
				345FEF541ECB3F9F002D970B /* Frameworks */,
				345FEF551ECB3F9F002D970B /* Resources */,
			);
			buildRules = (
			);
			dependencies = (
			);
			name = BuoyFinderTodayExtension;
			productName = BuoyFinderTodayExtension;
			productReference = 345FEF571ECB3F9F002D970B /* BuoyFinderTodayExtension.appex */;
			productType = "com.apple.product-type.app-extension";
		};
		34B4975C1DEBC7080076EB5B /* BuoyFinder */ = {
			isa = PBXNativeTarget;
			buildConfigurationList = 34B4976F1DEBC7090076EB5B /* Build configuration list for PBXNativeTarget "BuoyFinder" */;
			buildPhases = (
				27E73C2AB20ED479D63E2FF1 /* [CP] Check Pods Manifest.lock */,
				34B497591DEBC7080076EB5B /* Sources */,
				34B4975A1DEBC7080076EB5B /* Frameworks */,
				34B4975B1DEBC7080076EB5B /* Resources */,
				C27C2470D4EE2B35AC2B21FE /* [CP] Embed Pods Frameworks */,
				86CC263C446789361F9EA1AC /* [CP] Copy Pods Resources */,
				34E5628B1DECD29D006F1C67 /* Embed Frameworks */,
				345FEF671ECB3F9F002D970B /* Embed App Extensions */,
			);
			buildRules = (
			);
			dependencies = (
				34E562C91DECD683006F1C67 /* PBXTargetDependency */,
				345FEF621ECB3F9F002D970B /* PBXTargetDependency */,
			);
			name = BuoyFinder;
			productName = BuoyFinder;
			productReference = 34B4975D1DEBC7090076EB5B /* BuoyFinder.app */;
			productType = "com.apple.product-type.application";
		};
		34E562B41DECD683006F1C67 /* BuoyFinderDataKit-iOS */ = {
			isa = PBXNativeTarget;
			buildConfigurationList = 34E562CC1DECD683006F1C67 /* Build configuration list for PBXNativeTarget "BuoyFinderDataKit-iOS" */;
			buildPhases = (
				BACAA524C4CBF46FFD56D522 /* [CP] Check Pods Manifest.lock */,
				34E562B01DECD683006F1C67 /* Sources */,
				34E562B11DECD683006F1C67 /* Frameworks */,
				34E562B21DECD683006F1C67 /* Headers */,
				34E562B31DECD683006F1C67 /* Resources */,
				1D620CCFAE128F00EF22E0F7 /* [CP] Copy Pods Resources */,
			);
			buildRules = (
			);
			dependencies = (
			);
			name = "BuoyFinderDataKit-iOS";
			productName = "BuoyFinderDataKit-iOS";
			productReference = 34E562B51DECD683006F1C67 /* BuoyFinderDataKit.framework */;
			productType = "com.apple.product-type.framework";
		};
		34E562BC1DECD683006F1C67 /* BuoyFinderDataKit-iOSTests */ = {
			isa = PBXNativeTarget;
			buildConfigurationList = 34E562CF1DECD683006F1C67 /* Build configuration list for PBXNativeTarget "BuoyFinderDataKit-iOSTests" */;
			buildPhases = (
				34E562B91DECD683006F1C67 /* Sources */,
				34E562BA1DECD683006F1C67 /* Frameworks */,
				34E562BB1DECD683006F1C67 /* Resources */,
			);
			buildRules = (
			);
			dependencies = (
				34E562C01DECD683006F1C67 /* PBXTargetDependency */,
				34E562C21DECD683006F1C67 /* PBXTargetDependency */,
			);
			name = "BuoyFinderDataKit-iOSTests";
			productName = "BuoyFinderDataKit-iOSTests";
			productReference = 34E562BD1DECD683006F1C67 /* BuoyFinderDataKit-iOSTests.xctest */;
			productType = "com.apple.product-type.bundle.unit-test";
		};
/* End PBXNativeTarget section */

/* Begin PBXProject section */
		34B497551DEBC7080076EB5B /* Project object */ = {
			isa = PBXProject;
			attributes = {
				LastSwiftUpdateCheck = 0830;
				LastUpgradeCheck = 0820;
				ORGANIZATIONNAME = "Matthew Iannucci";
				TargetAttributes = {
					345FEF561ECB3F9F002D970B = {
						CreatedOnToolsVersion = 8.3.2;
						DevelopmentTeam = 39L46PD99U;
						ProvisioningStyle = Automatic;
						SystemCapabilities = {
							com.apple.ApplicationGroups.iOS = {
								enabled = 1;
							};
						};
					};
					34B4975C1DEBC7080076EB5B = {
						CreatedOnToolsVersion = 8.1;
						DevelopmentTeam = 39L46PD99U;
						ProvisioningStyle = Automatic;
						SystemCapabilities = {
							com.apple.ApplicationGroups.iOS = {
								enabled = 1;
							};
						};
					};
					34E562B41DECD683006F1C67 = {
						CreatedOnToolsVersion = 8.1;
						DevelopmentTeam = 39L46PD99U;
						ProvisioningStyle = Automatic;
					};
					34E562BC1DECD683006F1C67 = {
						CreatedOnToolsVersion = 8.1;
						DevelopmentTeam = 39L46PD99U;
						ProvisioningStyle = Automatic;
						TestTargetID = 34B4975C1DEBC7080076EB5B;
					};
				};
			};
			buildConfigurationList = 34B497581DEBC7080076EB5B /* Build configuration list for PBXProject "BuoyFinder" */;
			compatibilityVersion = "Xcode 3.2";
			developmentRegion = English;
			hasScannedForEncodings = 0;
			knownRegions = (
				en,
				Base,
			);
			mainGroup = 34B497541DEBC7080076EB5B;
			productRefGroup = 34B4975E1DEBC7090076EB5B /* Products */;
			projectDirPath = "";
			projectRoot = "";
			targets = (
				34B4975C1DEBC7080076EB5B /* BuoyFinder */,
				34E562B41DECD683006F1C67 /* BuoyFinderDataKit-iOS */,
				34E562BC1DECD683006F1C67 /* BuoyFinderDataKit-iOSTests */,
				345FEF561ECB3F9F002D970B /* BuoyFinderTodayExtension */,
			);
		};
/* End PBXProject section */

/* Begin PBXResourcesBuildPhase section */
		345FEF551ECB3F9F002D970B /* Resources */ = {
			isa = PBXResourcesBuildPhase;
			buildActionMask = 2147483647;
			files = (
				345FEF5F1ECB3F9F002D970B /* MainInterface.storyboard in Resources */,
			);
			runOnlyForDeploymentPostprocessing = 0;
		};
		34B4975B1DEBC7080076EB5B /* Resources */ = {
			isa = PBXResourcesBuildPhase;
			buildActionMask = 2147483647;
			files = (
				344C479E1E58A7CB006D4D17 /* LocalSettings.plist in Resources */,
				34B4976B1DEBC7090076EB5B /* LaunchScreen.storyboard in Resources */,
				34CA92481E5775BF00D11B51 /* GoogleService-Info.plist in Resources */,
				34B497681DEBC7090076EB5B /* Assets.xcassets in Resources */,
				34B497661DEBC7090076EB5B /* Main.storyboard in Resources */,
			);
			runOnlyForDeploymentPostprocessing = 0;
		};
		34E562B31DECD683006F1C67 /* Resources */ = {
			isa = PBXResourcesBuildPhase;
			buildActionMask = 2147483647;
			files = (
			);
			runOnlyForDeploymentPostprocessing = 0;
		};
		34E562BB1DECD683006F1C67 /* Resources */ = {
			isa = PBXResourcesBuildPhase;
			buildActionMask = 2147483647;
			files = (
			);
			runOnlyForDeploymentPostprocessing = 0;
		};
/* End PBXResourcesBuildPhase section */

/* Begin PBXShellScriptBuildPhase section */
		1D620CCFAE128F00EF22E0F7 /* [CP] Copy Pods Resources */ = {
			isa = PBXShellScriptBuildPhase;
			buildActionMask = 2147483647;
			files = (
			);
			inputPaths = (
			);
			name = "[CP] Copy Pods Resources";
			outputPaths = (
			);
			runOnlyForDeploymentPostprocessing = 0;
			shellPath = /bin/sh;
			shellScript = "\"${SRCROOT}/Pods/Target Support Files/Pods-BuoyFinderDataKit-iOS/Pods-BuoyFinderDataKit-iOS-resources.sh\"\n";
			showEnvVarsInLog = 0;
		};
		27E73C2AB20ED479D63E2FF1 /* [CP] Check Pods Manifest.lock */ = {
			isa = PBXShellScriptBuildPhase;
			buildActionMask = 2147483647;
			files = (
			);
			inputPaths = (
			);
			name = "[CP] Check Pods Manifest.lock";
			outputPaths = (
			);
			runOnlyForDeploymentPostprocessing = 0;
			shellPath = /bin/sh;
			shellScript = "diff \"${PODS_ROOT}/../Podfile.lock\" \"${PODS_ROOT}/Manifest.lock\" > /dev/null\nif [ $? != 0 ] ; then\n    # print error to STDERR\n    echo \"error: The sandbox is not in sync with the Podfile.lock. Run 'pod install' or update your CocoaPods installation.\" >&2\n    exit 1\nfi\n";
			showEnvVarsInLog = 0;
		};
		86CC263C446789361F9EA1AC /* [CP] Copy Pods Resources */ = {
			isa = PBXShellScriptBuildPhase;
			buildActionMask = 2147483647;
			files = (
			);
			inputPaths = (
			);
			name = "[CP] Copy Pods Resources";
			outputPaths = (
			);
			runOnlyForDeploymentPostprocessing = 0;
			shellPath = /bin/sh;
			shellScript = "\"${SRCROOT}/Pods/Target Support Files/Pods-BuoyFinder/Pods-BuoyFinder-resources.sh\"\n";
			showEnvVarsInLog = 0;
		};
		BACAA524C4CBF46FFD56D522 /* [CP] Check Pods Manifest.lock */ = {
			isa = PBXShellScriptBuildPhase;
			buildActionMask = 2147483647;
			files = (
			);
			inputPaths = (
			);
			name = "[CP] Check Pods Manifest.lock";
			outputPaths = (
			);
			runOnlyForDeploymentPostprocessing = 0;
			shellPath = /bin/sh;
			shellScript = "diff \"${PODS_ROOT}/../Podfile.lock\" \"${PODS_ROOT}/Manifest.lock\" > /dev/null\nif [ $? != 0 ] ; then\n    # print error to STDERR\n    echo \"error: The sandbox is not in sync with the Podfile.lock. Run 'pod install' or update your CocoaPods installation.\" >&2\n    exit 1\nfi\n";
			showEnvVarsInLog = 0;
		};
		C27C2470D4EE2B35AC2B21FE /* [CP] Embed Pods Frameworks */ = {
			isa = PBXShellScriptBuildPhase;
			buildActionMask = 2147483647;
			files = (
			);
			inputPaths = (
			);
			name = "[CP] Embed Pods Frameworks";
			outputPaths = (
			);
			runOnlyForDeploymentPostprocessing = 0;
			shellPath = /bin/sh;
			shellScript = "\"${SRCROOT}/Pods/Target Support Files/Pods-BuoyFinder/Pods-BuoyFinder-frameworks.sh\"\n";
			showEnvVarsInLog = 0;
		};
/* End PBXShellScriptBuildPhase section */

/* Begin PBXSourcesBuildPhase section */
		345FEF531ECB3F9F002D970B /* Sources */ = {
			isa = PBXSourcesBuildPhase;
			buildActionMask = 2147483647;
			files = (
				345FEF6D1ECB4839002D970B /* CachedBuoyManager.swift in Sources */,
				345FEF5C1ECB3F9F002D970B /* TodayViewController.swift in Sources */,
			);
			runOnlyForDeploymentPostprocessing = 0;
		};
		34B497591DEBC7080076EB5B /* Sources */ = {
			isa = PBXSourcesBuildPhase;
			buildActionMask = 2147483647;
			files = (
				347F21F81E5B4308008553C9 /* SyncManager.swift in Sources */,
				34B497611DEBC7090076EB5B /* AppDelegate.swift in Sources */,
				346573B61E11EEBC007E6C12 /* BuoyViewController.swift in Sources */,
				34E562431DECB21D006F1C67 /* FavoriteBuoysViewController.swift in Sources */,
				34E562451DECB236006F1C67 /* ExploreViewController.swift in Sources */,
				342EED7B1EC92EBE0076A8E2 /* BuoyTabBarController.swift in Sources */,
				34CA924E1E578C3200D11B51 /* SettingsViewController.swift in Sources */,
			);
			runOnlyForDeploymentPostprocessing = 0;
		};
		34E562B01DECD683006F1C67 /* Sources */ = {
			isa = PBXSourcesBuildPhase;
			buildActionMask = 2147483647;
			files = (
				34F5AF201DED1E010084AE86 /* Buoy.swift in Sources */,
				34F154381DFCB9F10041B072 /* Units.swift in Sources */,
				34F5AF1C1DED19C60084AE86 /* BuoyDataItem.swift in Sources */,
				34F5AF221DED1E690084AE86 /* Location.swift in Sources */,
				34F5AF1E1DED1B190084AE86 /* Swell.swift in Sources */,
				34B176FD1E02303F007E211E /* BuoyModel.swift in Sources */,
				34F5AF241DED236A0084AE86 /* BuoyNetworkClient.swift in Sources */,
			);
			runOnlyForDeploymentPostprocessing = 0;
		};
		34E562B91DECD683006F1C67 /* Sources */ = {
			isa = PBXSourcesBuildPhase;
			buildActionMask = 2147483647;
			files = (
				34E562C51DECD683006F1C67 /* BuoyFinderDataKit_iOSTests.swift in Sources */,
			);
			runOnlyForDeploymentPostprocessing = 0;
		};
/* End PBXSourcesBuildPhase section */

/* Begin PBXTargetDependency section */
		345FEF621ECB3F9F002D970B /* PBXTargetDependency */ = {
			isa = PBXTargetDependency;
			target = 345FEF561ECB3F9F002D970B /* BuoyFinderTodayExtension */;
			targetProxy = 345FEF611ECB3F9F002D970B /* PBXContainerItemProxy */;
		};
		34E562C01DECD683006F1C67 /* PBXTargetDependency */ = {
			isa = PBXTargetDependency;
			target = 34E562B41DECD683006F1C67 /* BuoyFinderDataKit-iOS */;
			targetProxy = 34E562BF1DECD683006F1C67 /* PBXContainerItemProxy */;
		};
		34E562C21DECD683006F1C67 /* PBXTargetDependency */ = {
			isa = PBXTargetDependency;
			target = 34B4975C1DEBC7080076EB5B /* BuoyFinder */;
			targetProxy = 34E562C11DECD683006F1C67 /* PBXContainerItemProxy */;
		};
		34E562C91DECD683006F1C67 /* PBXTargetDependency */ = {
			isa = PBXTargetDependency;
			target = 34E562B41DECD683006F1C67 /* BuoyFinderDataKit-iOS */;
			targetProxy = 34E562C81DECD683006F1C67 /* PBXContainerItemProxy */;
		};
/* End PBXTargetDependency section */

/* Begin PBXVariantGroup section */
		345FEF5D1ECB3F9F002D970B /* MainInterface.storyboard */ = {
			isa = PBXVariantGroup;
			children = (
				345FEF5E1ECB3F9F002D970B /* Base */,
			);
			name = MainInterface.storyboard;
			sourceTree = "<group>";
		};
		34B497641DEBC7090076EB5B /* Main.storyboard */ = {
			isa = PBXVariantGroup;
			children = (
				34B497651DEBC7090076EB5B /* Base */,
			);
			name = Main.storyboard;
			sourceTree = "<group>";
		};
		34B497691DEBC7090076EB5B /* LaunchScreen.storyboard */ = {
			isa = PBXVariantGroup;
			children = (
				34B4976A1DEBC7090076EB5B /* Base */,
			);
			name = LaunchScreen.storyboard;
			sourceTree = "<group>";
		};
/* End PBXVariantGroup section */

/* Begin XCBuildConfiguration section */
		345FEF641ECB3F9F002D970B /* Debug */ = {
			isa = XCBuildConfiguration;
			buildSettings = {
				CLANG_ANALYZER_NUMBER_OBJECT_CONVERSION = YES_AGGRESSIVE;
				CODE_SIGN_ENTITLEMENTS = BuoyFinderTodayExtension/BuoyFinderTodayExtension.entitlements;
				DEVELOPMENT_TEAM = 39L46PD99U;
				INFOPLIST_FILE = BuoyFinderTodayExtension/Info.plist;
				IPHONEOS_DEPLOYMENT_TARGET = 10.3;
				LD_RUNPATH_SEARCH_PATHS = "$(inherited) @executable_path/Frameworks @executable_path/../../Frameworks";
				PRODUCT_BUNDLE_IDENTIFIER = com.mpiannucci.BuoyFinder.BuoyFinderTodayExtension;
				PRODUCT_NAME = "$(TARGET_NAME)";
				SKIP_INSTALL = YES;
				SWIFT_VERSION = 3.0;
			};
			name = Debug;
		};
		345FEF651ECB3F9F002D970B /* Release */ = {
			isa = XCBuildConfiguration;
			buildSettings = {
				CLANG_ANALYZER_NUMBER_OBJECT_CONVERSION = YES_AGGRESSIVE;
				CODE_SIGN_ENTITLEMENTS = BuoyFinderTodayExtension/BuoyFinderTodayExtension.entitlements;
				DEVELOPMENT_TEAM = 39L46PD99U;
				INFOPLIST_FILE = BuoyFinderTodayExtension/Info.plist;
				IPHONEOS_DEPLOYMENT_TARGET = 10.3;
				LD_RUNPATH_SEARCH_PATHS = "$(inherited) @executable_path/Frameworks @executable_path/../../Frameworks";
				PRODUCT_BUNDLE_IDENTIFIER = com.mpiannucci.BuoyFinder.BuoyFinderTodayExtension;
				PRODUCT_NAME = "$(TARGET_NAME)";
				SKIP_INSTALL = YES;
				SWIFT_VERSION = 3.0;
			};
			name = Release;
		};
		34B4976D1DEBC7090076EB5B /* Debug */ = {
			isa = XCBuildConfiguration;
			buildSettings = {
				ALWAYS_SEARCH_USER_PATHS = NO;
				CLANG_ANALYZER_NONNULL = YES;
				CLANG_CXX_LANGUAGE_STANDARD = "gnu++0x";
				CLANG_CXX_LIBRARY = "libc++";
				CLANG_ENABLE_MODULES = YES;
				CLANG_ENABLE_OBJC_ARC = YES;
				CLANG_WARN_BOOL_CONVERSION = YES;
				CLANG_WARN_CONSTANT_CONVERSION = YES;
				CLANG_WARN_DIRECT_OBJC_ISA_USAGE = YES_ERROR;
				CLANG_WARN_DOCUMENTATION_COMMENTS = YES;
				CLANG_WARN_EMPTY_BODY = YES;
				CLANG_WARN_ENUM_CONVERSION = YES;
				CLANG_WARN_INFINITE_RECURSION = YES;
				CLANG_WARN_INT_CONVERSION = YES;
				CLANG_WARN_OBJC_ROOT_CLASS = YES_ERROR;
				CLANG_WARN_SUSPICIOUS_MOVE = YES;
				CLANG_WARN_SUSPICIOUS_MOVES = YES;
				CLANG_WARN_UNREACHABLE_CODE = YES;
				CLANG_WARN__DUPLICATE_METHOD_MATCH = YES;
				"CODE_SIGN_IDENTITY[sdk=iphoneos*]" = "iPhone Developer";
				COPY_PHASE_STRIP = NO;
				DEBUG_INFORMATION_FORMAT = dwarf;
				ENABLE_STRICT_OBJC_MSGSEND = YES;
				ENABLE_TESTABILITY = YES;
				GCC_C_LANGUAGE_STANDARD = gnu99;
				GCC_DYNAMIC_NO_PIC = NO;
				GCC_NO_COMMON_BLOCKS = YES;
				GCC_OPTIMIZATION_LEVEL = 0;
				GCC_PREPROCESSOR_DEFINITIONS = (
					"DEBUG=1",
					"$(inherited)",
				);
				GCC_WARN_64_TO_32_BIT_CONVERSION = YES;
				GCC_WARN_ABOUT_RETURN_TYPE = YES_ERROR;
				GCC_WARN_UNDECLARED_SELECTOR = YES;
				GCC_WARN_UNINITIALIZED_AUTOS = YES_AGGRESSIVE;
				GCC_WARN_UNUSED_FUNCTION = YES;
				GCC_WARN_UNUSED_VARIABLE = YES;
				IPHONEOS_DEPLOYMENT_TARGET = 10.1;
				MTL_ENABLE_DEBUG_INFO = YES;
				ONLY_ACTIVE_ARCH = YES;
				SDKROOT = iphoneos;
				SWIFT_ACTIVE_COMPILATION_CONDITIONS = DEBUG;
				SWIFT_OPTIMIZATION_LEVEL = "-Onone";
				TARGETED_DEVICE_FAMILY = "1,2";
			};
			name = Debug;
		};
		34B4976E1DEBC7090076EB5B /* Release */ = {
			isa = XCBuildConfiguration;
			buildSettings = {
				ALWAYS_SEARCH_USER_PATHS = NO;
				CLANG_ANALYZER_NONNULL = YES;
				CLANG_CXX_LANGUAGE_STANDARD = "gnu++0x";
				CLANG_CXX_LIBRARY = "libc++";
				CLANG_ENABLE_MODULES = YES;
				CLANG_ENABLE_OBJC_ARC = YES;
				CLANG_WARN_BOOL_CONVERSION = YES;
				CLANG_WARN_CONSTANT_CONVERSION = YES;
				CLANG_WARN_DIRECT_OBJC_ISA_USAGE = YES_ERROR;
				CLANG_WARN_DOCUMENTATION_COMMENTS = YES;
				CLANG_WARN_EMPTY_BODY = YES;
				CLANG_WARN_ENUM_CONVERSION = YES;
				CLANG_WARN_INFINITE_RECURSION = YES;
				CLANG_WARN_INT_CONVERSION = YES;
				CLANG_WARN_OBJC_ROOT_CLASS = YES_ERROR;
				CLANG_WARN_SUSPICIOUS_MOVE = YES;
				CLANG_WARN_SUSPICIOUS_MOVES = YES;
				CLANG_WARN_UNREACHABLE_CODE = YES;
				CLANG_WARN__DUPLICATE_METHOD_MATCH = YES;
				"CODE_SIGN_IDENTITY[sdk=iphoneos*]" = "iPhone Developer";
				COPY_PHASE_STRIP = NO;
				DEBUG_INFORMATION_FORMAT = "dwarf-with-dsym";
				ENABLE_NS_ASSERTIONS = NO;
				ENABLE_STRICT_OBJC_MSGSEND = YES;
				GCC_C_LANGUAGE_STANDARD = gnu99;
				GCC_NO_COMMON_BLOCKS = YES;
				GCC_WARN_64_TO_32_BIT_CONVERSION = YES;
				GCC_WARN_ABOUT_RETURN_TYPE = YES_ERROR;
				GCC_WARN_UNDECLARED_SELECTOR = YES;
				GCC_WARN_UNINITIALIZED_AUTOS = YES_AGGRESSIVE;
				GCC_WARN_UNUSED_FUNCTION = YES;
				GCC_WARN_UNUSED_VARIABLE = YES;
				IPHONEOS_DEPLOYMENT_TARGET = 10.1;
				MTL_ENABLE_DEBUG_INFO = NO;
				SDKROOT = iphoneos;
				SWIFT_OPTIMIZATION_LEVEL = "-Owholemodule";
				TARGETED_DEVICE_FAMILY = "1,2";
				VALIDATE_PRODUCT = YES;
			};
			name = Release;
		};
		34B497701DEBC7090076EB5B /* Debug */ = {
			isa = XCBuildConfiguration;
			baseConfigurationReference = BA27CF0E2B8F2B3FFD98FB7F /* Pods-BuoyFinder.debug.xcconfig */;
			buildSettings = {
				ALWAYS_EMBED_SWIFT_STANDARD_LIBRARIES = YES;
				ASSETCATALOG_COMPILER_APPICON_NAME = AppIcon;
				CODE_SIGN_ENTITLEMENTS = BuoyFinder/BuoyFinder.entitlements;
				DEVELOPMENT_TEAM = 39L46PD99U;
				INFOPLIST_FILE = BuoyFinder/Info.plist;
				LD_RUNPATH_SEARCH_PATHS = "$(inherited) @executable_path/Frameworks";
				PRODUCT_BUNDLE_IDENTIFIER = com.mpiannucci.BuoyFinder;
				PRODUCT_NAME = "$(TARGET_NAME)";
				SWIFT_VERSION = 3.0;
			};
			name = Debug;
		};
		34B497711DEBC7090076EB5B /* Release */ = {
			isa = XCBuildConfiguration;
			baseConfigurationReference = 6FE0039DB6F7D412501CC29D /* Pods-BuoyFinder.release.xcconfig */;
			buildSettings = {
				ALWAYS_EMBED_SWIFT_STANDARD_LIBRARIES = YES;
				ASSETCATALOG_COMPILER_APPICON_NAME = AppIcon;
				CODE_SIGN_ENTITLEMENTS = BuoyFinder/BuoyFinder.entitlements;
				DEVELOPMENT_TEAM = 39L46PD99U;
				INFOPLIST_FILE = BuoyFinder/Info.plist;
				LD_RUNPATH_SEARCH_PATHS = "$(inherited) @executable_path/Frameworks";
				PRODUCT_BUNDLE_IDENTIFIER = com.mpiannucci.BuoyFinder;
				PRODUCT_NAME = "$(TARGET_NAME)";
				SWIFT_VERSION = 3.0;
			};
			name = Release;
		};
		34E562CD1DECD683006F1C67 /* Debug */ = {
			isa = XCBuildConfiguration;
			baseConfigurationReference = 7057F7350387F786ABF01BF8 /* Pods-BuoyFinderDataKit-iOS.debug.xcconfig */;
			buildSettings = {
				CODE_SIGN_IDENTITY = "";
				CURRENT_PROJECT_VERSION = 1;
				DEFINES_MODULE = YES;
				DEVELOPMENT_TEAM = 39L46PD99U;
				DYLIB_COMPATIBILITY_VERSION = 1;
				DYLIB_CURRENT_VERSION = 1;
				DYLIB_INSTALL_NAME_BASE = "@rpath";
				INFOPLIST_FILE = "BuoyFinderDataKit-iOS/Info.plist";
				INSTALL_PATH = "$(LOCAL_LIBRARY_DIR)/Frameworks";
				LD_RUNPATH_SEARCH_PATHS = "$(inherited) @executable_path/Frameworks @loader_path/Frameworks";
				PRODUCT_BUNDLE_IDENTIFIER = "com.mpiannucci.BuoyFinderDataKit-iOS";
				PRODUCT_NAME = BuoyFinderDataKit;
				SKIP_INSTALL = YES;
				SWIFT_VERSION = 3.0;
				VERSIONING_SYSTEM = "apple-generic";
				VERSION_INFO_PREFIX = "";
			};
			name = Debug;
		};
		34E562CE1DECD683006F1C67 /* Release */ = {
			isa = XCBuildConfiguration;
			baseConfigurationReference = EB218A4BCE5080288FDA52FF /* Pods-BuoyFinderDataKit-iOS.release.xcconfig */;
			buildSettings = {
				CODE_SIGN_IDENTITY = "";
				CURRENT_PROJECT_VERSION = 1;
				DEFINES_MODULE = YES;
				DEVELOPMENT_TEAM = 39L46PD99U;
				DYLIB_COMPATIBILITY_VERSION = 1;
				DYLIB_CURRENT_VERSION = 1;
				DYLIB_INSTALL_NAME_BASE = "@rpath";
				INFOPLIST_FILE = "BuoyFinderDataKit-iOS/Info.plist";
				INSTALL_PATH = "$(LOCAL_LIBRARY_DIR)/Frameworks";
				LD_RUNPATH_SEARCH_PATHS = "$(inherited) @executable_path/Frameworks @loader_path/Frameworks";
				PRODUCT_BUNDLE_IDENTIFIER = "com.mpiannucci.BuoyFinderDataKit-iOS";
				PRODUCT_NAME = BuoyFinderDataKit;
				SKIP_INSTALL = YES;
				SWIFT_VERSION = 3.0;
				VERSIONING_SYSTEM = "apple-generic";
				VERSION_INFO_PREFIX = "";
			};
			name = Release;
		};
		34E562D01DECD683006F1C67 /* Debug */ = {
			isa = XCBuildConfiguration;
			buildSettings = {
				ALWAYS_EMBED_SWIFT_STANDARD_LIBRARIES = YES;
				DEVELOPMENT_TEAM = 39L46PD99U;
				INFOPLIST_FILE = "BuoyFinderDataKit-iOSTests/Info.plist";
				LD_RUNPATH_SEARCH_PATHS = "$(inherited) @executable_path/Frameworks @loader_path/Frameworks";
				PRODUCT_BUNDLE_IDENTIFIER = "com.mpiannucci.BuoyFinderDataKit-iOSTests";
				PRODUCT_NAME = "$(TARGET_NAME)";
				SWIFT_VERSION = 3.0;
				TEST_HOST = "$(BUILT_PRODUCTS_DIR)/BuoyFinder.app/BuoyFinder";
			};
			name = Debug;
		};
		34E562D11DECD683006F1C67 /* Release */ = {
			isa = XCBuildConfiguration;
			buildSettings = {
				ALWAYS_EMBED_SWIFT_STANDARD_LIBRARIES = YES;
				DEVELOPMENT_TEAM = 39L46PD99U;
				INFOPLIST_FILE = "BuoyFinderDataKit-iOSTests/Info.plist";
				LD_RUNPATH_SEARCH_PATHS = "$(inherited) @executable_path/Frameworks @loader_path/Frameworks";
				PRODUCT_BUNDLE_IDENTIFIER = "com.mpiannucci.BuoyFinderDataKit-iOSTests";
				PRODUCT_NAME = "$(TARGET_NAME)";
				SWIFT_VERSION = 3.0;
				TEST_HOST = "$(BUILT_PRODUCTS_DIR)/BuoyFinder.app/BuoyFinder";
			};
			name = Release;
		};
/* End XCBuildConfiguration section */

/* Begin XCConfigurationList section */
		345FEF661ECB3F9F002D970B /* Build configuration list for PBXNativeTarget "BuoyFinderTodayExtension" */ = {
			isa = XCConfigurationList;
			buildConfigurations = (
				345FEF641ECB3F9F002D970B /* Debug */,
				345FEF651ECB3F9F002D970B /* Release */,
			);
			defaultConfigurationIsVisible = 0;
			defaultConfigurationName = Release;
		};
		34B497581DEBC7080076EB5B /* Build configuration list for PBXProject "BuoyFinder" */ = {
			isa = XCConfigurationList;
			buildConfigurations = (
				34B4976D1DEBC7090076EB5B /* Debug */,
				34B4976E1DEBC7090076EB5B /* Release */,
			);
			defaultConfigurationIsVisible = 0;
			defaultConfigurationName = Release;
		};
		34B4976F1DEBC7090076EB5B /* Build configuration list for PBXNativeTarget "BuoyFinder" */ = {
			isa = XCConfigurationList;
			buildConfigurations = (
				34B497701DEBC7090076EB5B /* Debug */,
				34B497711DEBC7090076EB5B /* Release */,
			);
			defaultConfigurationIsVisible = 0;
			defaultConfigurationName = Release;
		};
		34E562CC1DECD683006F1C67 /* Build configuration list for PBXNativeTarget "BuoyFinderDataKit-iOS" */ = {
			isa = XCConfigurationList;
			buildConfigurations = (
				34E562CD1DECD683006F1C67 /* Debug */,
				34E562CE1DECD683006F1C67 /* Release */,
			);
			defaultConfigurationIsVisible = 0;
			defaultConfigurationName = Release;
		};
		34E562CF1DECD683006F1C67 /* Build configuration list for PBXNativeTarget "BuoyFinderDataKit-iOSTests" */ = {
			isa = XCConfigurationList;
			buildConfigurations = (
				34E562D01DECD683006F1C67 /* Debug */,
				34E562D11DECD683006F1C67 /* Release */,
			);
			defaultConfigurationIsVisible = 0;
			defaultConfigurationName = Release;
		};
/* End XCConfigurationList section */
	};
	rootObject = 34B497551DEBC7080076EB5B /* Project object */;
}
